{
  "name": "quasar-app-extension-rb-ui",
  "version": "0.3.2",
  "lockfileVersion": 2,
  "requires": true,
  "packages": {
    "": {
      "name": "quasar-app-extension-rb-ui",
      "version": "0.3.2",
      "engines": {
        "node": ">= 8.9.0",
        "npm": ">= 5.6.0",
        "yarn": ">= 1.6.0"
      },
      "peerDependencies": {
        "rb-vue-smart-components": "^0.0.7"
      }
    },
    "node_modules/core-js": {
      "version": "3.19.1",
      "resolved": "https://registry.npmjs.org/core-js/-/core-js-3.19.1.tgz",
      "integrity": "sha512-Tnc7E9iKd/b/ff7GFbhwPVzJzPztGrChB8X8GLqoYGdEOG8IpLnK1xPyo3ZoO3HsK6TodJS58VGPOxA+hLHQMg==",
      "hasInstallScript": true,
      "peer": true,
      "funding": {
        "type": "opencollective",
        "url": "https://opencollective.com/core-js"
      }
    },
    "node_modules/rb-vue-smart-components": {
      "version": "0.0.7",
      "resolved": "https://registry.npmjs.org/rb-vue-smart-components/-/rb-vue-smart-components-0.0.7.tgz",
      "integrity": "sha512-8qPMG4+5YmOSEG0yxRkmevC+Ro/yGGVNxOWIS+AeOU0FE+HIUMFDOj17lVExkcF1a3zuiaLNoYKztkQ+Gwnilg==",
      "peer": true,
      "dependencies": {
        "core-js": "^3.6.5",
        "vue": "^2.6.11"
      }
    },
    "node_modules/vue": {
      "version": "2.6.14",
      "resolved": "https://registry.npmjs.org/vue/-/vue-2.6.14.tgz",
      "integrity": "sha512-x2284lgYvjOMj3Za7kqzRcUSxBboHqtgRE2zlos1qWaOye5yUmHn42LB1250NJBLRwEcdrB0JRwyPTEPhfQjiQ==",
      "peer": true
    }
  },
  "dependencies": {
    "core-js": {
      "version": "3.19.1",
      "resolved": "https://registry.npmjs.org/core-js/-/core-js-3.19.1.tgz",
      "integrity": "sha512-Tnc7E9iKd/b/ff7GFbhwPVzJzPztGrChB8X8GLqoYGdEOG8IpLnK1xPyo3ZoO3HsK6TodJS58VGPOxA+hLHQMg==",
      "peer": true
    },
    "rb-vue-smart-components": {
      "version": "0.0.7",
      "resolved": "https://registry.npmjs.org/rb-vue-smart-components/-/rb-vue-smart-components-0.0.7.tgz",
      "integrity": "sha512-8qPMG4+5YmOSEG0yxRkmevC+Ro/yGGVNxOWIS+AeOU0FE+HIUMFDOj17lVExkcF1a3zuiaLNoYKztkQ+Gwnilg==",
      "peer": true,
      "requires": {
        "core-js": "^3.6.5",
        "vue": "^2.6.11"
      }
    },
    "vue": {
      "version": "2.6.14",
      "resolved": "https://registry.npmjs.org/vue/-/vue-2.6.14.tgz",
      "integrity": "sha512-x2284lgYvjOMj3Za7kqzRcUSxBboHqtgRE2zlos1qWaOye5yUmHn42LB1250NJBLRwEcdrB0JRwyPTEPhfQjiQ==",
      "peer": true
    }
  }
}
